{
  "name": "OfisMobileTasarim",
  "lockfileVersion": 3,
  "requires": true,
  "packages": {
    "": {
      "dependencies": {
        "framework7": "^8.3.0",
        "swipeout": "^1.0.0"
      }
    },
    "node_modules/dirvector": {
      "version": "1.1.1",
      "resolved": "https://registry.npmjs.org/dirvector/-/dirvector-1.1.1.tgz",
      "integrity": "sha512-vcd2W9MuHyj5tjvXpjEKX/b8xNNL8/xM5kNS3/zHqhK1ibIlIDLq4ZoCA5CfaBcHnA/WE6akrm2F6CBVQ3wmXQ==",
      "dependencies": {
        "math-js": "^1.0.0"
      }
    },
    "node_modules/doc-js": {
      "version": "1.3.1",
      "resolved": "https://registry.npmjs.org/doc-js/-/doc-js-1.3.1.tgz",
      "integrity": "sha512-ifu5Y0tvgHRNkV6FdELmdLiXdPQKgeCW3qU10EKPZVnWwzdqMX9kX4k0XTgE9RnEPKlIYvL3u+86zOb6oHtN/g=="
    },
    "node_modules/dom7": {
      "version": "4.0.6",
      "resolved": "https://registry.npmjs.org/dom7/-/dom7-4.0.6.tgz",
      "integrity": "sha512-emjdpPLhpNubapLFdjNL9tP06Sr+GZkrIHEXLWvOGsytACUrkbeIdjO5g77m00BrHTznnlcNqgmn7pCN192TBA==",
      "dependencies": {
        "ssr-window": "^4.0.0"
      }
    },
    "node_modules/domnode": {
      "version": "0.0.3",
      "resolved": "https://registry.npmjs.org/domnode/-/domnode-0.0.3.tgz",
      "integrity": "sha512-Axc62VjE0gf5EP5f1PlbsvdN4+xGmg57OYJmr2CpmiFIu07SWUJnA1XzwZ1ryxFxtDMCmtxG/I7JVBbHjo1mLQ==",
      "dependencies": {
        "mustache": "0.4.0"
      }
    },
    "node_modules/domnode-dom": {
      "version": "0.0.4",
      "resolved": "https://registry.npmjs.org/domnode-dom/-/domnode-dom-0.0.4.tgz",
      "integrity": "sha512-LY+BiHFBH0Xh9lplT/I2Jp+HP85ixk00j8Q+xGgFPk2xRrTp5BCC8VnFM0oKuklQFzUal34fARHSRmilxYwSNQ==",
      "dependencies": {
        "domnode": "~0.0.3"
      }
    },
    "node_modules/drag-stream": {
      "version": "0.0.3",
      "resolved": "https://registry.npmjs.org/drag-stream/-/drag-stream-0.0.3.tgz",
      "integrity": "sha512-Ev0iVtUoRErL0BBt8SlrZjjRktzwvIaDOPG82vWfm4iNMpIyKrlz23VgU60VdWh2T1WmK6wrCZv8+sH14jHOZg==",
      "dependencies": {
        "domnode-dom": "~0.0.X",
        "through": "~2.2.1"
      }
    },
    "node_modules/framework7": {
      "version": "8.3.0",
      "resolved": "https://registry.npmjs.org/framework7/-/framework7-8.3.0.tgz",
      "integrity": "sha512-b2Z0JgO5cWN5x25QvfBEfT925UefCWsFdxVpzHyk31b8JH1hJD4Q01nt6s8EevpYSqWWwZGHiom7o62Yvx4zLA==",
      "dependencies": {
        "dom7": "^4.0.6",
        "htm": "^3.1.1",
        "path-to-regexp": "^6.2.0",
        "skeleton-elements": "^4.0.1",
        "ssr-window": "^4.0.2",
        "swiper": "^10.2.0"
      },
      "funding": {
        "type": "patreon",
        "url": "https://www.patreon.com/framework7"
      }
    },
    "node_modules/fullscreen": {
      "version": "0.0.1",
      "resolved": "https://registry.npmjs.org/fullscreen/-/fullscreen-0.0.1.tgz",
      "integrity": "sha512-reSW+p0jF2ZtUS0pcS+RT4oyAFceCurRbTuVGBimGs3oNM6+MSUF5I9H7lUWlb82e696Mnu+QPbwTPeTUU+3yg=="
    },
    "node_modules/htm": {
      "version": "3.1.1",
      "resolved": "https://registry.npmjs.org/htm/-/htm-3.1.1.tgz",
      "integrity": "sha512-983Vyg8NwUE7JkZ6NmOqpCZ+sh1bKv2iYTlUkzlWmA5JD2acKoxd4KVxbMmxX/85mtfdnDmTFoNKcg5DGAvxNQ=="
    },
    "node_modules/interact": {
      "version": "0.0.3",
      "resolved": "https://registry.npmjs.org/interact/-/interact-0.0.3.tgz",
      "integrity": "sha512-cOJWm7UktmKpxyeM0UyhdVr3D/4W68JUWopD7+xpKWtW9yJREDyw2EQvTsIqFYw3bN/CHM30d84vrH60iuHlWg==",
      "dependencies": {
        "drag-stream": "0.0.3",
        "fullscreen": "0.0.1",
        "pointer-lock": "0.0.3"
      }
    },
    "node_modules/interact-js": {
      "version": "2.1.0",
      "resolved": "https://registry.npmjs.org/interact-js/-/interact-js-2.1.0.tgz",
      "integrity": "sha512-/YYL/90vRUCPBLDi+BHU87Xu1C9d9pKzOGCEIbqrSWabZQcuDlo8FCjkTHoZtmzNovXhjcGOLWaLDOnKMTf/Xw=="
    },
    "node_modules/math-js": {
      "version": "1.0.1",
      "resolved": "https://registry.npmjs.org/math-js/-/math-js-1.0.1.tgz",
      "integrity": "sha512-czfGv0r+GGFgdBxiir708dorwNdpBhXMqb+Gv1PPYKkS1C9A2bTLGsjYlPE1LL+GLfcNaFOwDiu148P3lUoZFQ=="
    },
    "node_modules/mustache": {
      "version": "0.4.0",
      "resolved": "https://registry.npmjs.org/mustache/-/mustache-0.4.0.tgz",
      "integrity": "sha512-lOIx6XdcDjwR2JApJUO4LuQ7rN2oT41NSphYEBqFKZOa/M+mRKnHZgpa6wbCEFQ1GE0iNZLh7UV3xXc1+8Z+YQ==",
      "engines": {
        "node": "*"
      }
    },
    "node_modules/path-to-regexp": {
      "version": "6.2.1",
      "resolved": "https://registry.npmjs.org/path-to-regexp/-/path-to-regexp-6.2.1.tgz",
      "integrity": "sha512-JLyh7xT1kizaEvcaXOQwOc2/Yhw6KZOvPf1S8401UyLk86CU79LN3vl7ztXGm/pZ+YjoyAJ4rxmHwbkBXJX+yw=="
    },
    "node_modules/pointer-lock": {
      "version": "0.0.3",
      "resolved": "https://registry.npmjs.org/pointer-lock/-/pointer-lock-0.0.3.tgz",
      "integrity": "sha512-NUwOCdMRoeZxIzbwHQFQtOG0rceVZoFEQpkg0SaJ3dCzgOT6v92BNYoUsopqhjIdw+ufV65QHGLwOsWbnKmUsw=="
    },
    "node_modules/skeleton-elements": {
      "version": "4.0.1",
      "resolved": "https://registry.npmjs.org/skeleton-elements/-/skeleton-elements-4.0.1.tgz",
      "integrity": "sha512-T7YSF/Vu/raUcM6v3HiE4VSY/OvrNflg8Dur3Zza6VVJkq4slxm4pJRpGLNhoOfblIPZLQKh1cu7ADKveyqm/Q=="
    },
    "node_modules/ssr-window": {
      "version": "4.0.2",
      "resolved": "https://registry.npmjs.org/ssr-window/-/ssr-window-4.0.2.tgz",
      "integrity": "sha512-ISv/Ch+ig7SOtw7G2+qkwfVASzazUnvlDTwypdLoPoySv+6MqlOV10VwPSE6EWkGjhW50lUmghPmpYZXMu/+AQ=="
    },
    "node_modules/swipeout": {
      "version": "1.0.0",
      "resolved": "https://registry.npmjs.org/swipeout/-/swipeout-1.0.0.tgz",
      "integrity": "sha512-5Wwr4FT090bLCH6/s+fl3SCGZYMvs2dG3BpRIxUkfhA/pyaNH2GDjarM06aJVkRLF0uEqF1MXXNBEgOHjdHvkg==",
      "dependencies": {
        "dirvector": "^1.1.1",
        "doc-js": "^1.3.0",
        "interact": "0.0.3",
        "interact-js": "^2.0.1"
      }
    },
    "node_modules/swiper": {
      "version": "10.2.0",
      "resolved": "https://registry.npmjs.org/swiper/-/swiper-10.2.0.tgz",
      "integrity": "sha512-nktQsOtBInJjr3f5DicxC8eHYGcLXDVIGPSon0QoXRaO6NjKnATCbQ8SZsD3dN1Ph1RH4EhVPwSYCcuDRFWHGQ==",
      "funding": [
        {
          "type": "patreon",
          "url": "https://www.patreon.com/swiperjs"
        },
        {
          "type": "open_collective",
          "url": "http://opencollective.com/swiper"
        }
      ],
      "engines": {
        "node": ">= 4.7.0"
      }
    },
    "node_modules/through": {
      "version": "2.2.7",
      "resolved": "https://registry.npmjs.org/through/-/through-2.2.7.tgz",
      "integrity": "sha512-JIR0m0ybkmTcR8URann+HbwKmodP+OE8UCbsifQDYMLD5J3em1Cdn3MYPpbEd5elGDwmP98T+WbqP/tvzA5Mjg=="
    }
  }
}
